
Microsoft Visual Studio Solution File, Format Version 12.00
# Visual Studio Version 17
VisualStudioVersion = 17.9.34728.123
MinimumVisualStudioVersion = 10.0.40219.1
Project("{FAE04EC0-301F-11D3-BF4B-00C04F79EFBC}") = "server", "remotecontrol\server.csproj", "{F2B8797D-815E-473F-BDCE-7AFA3A6DF040}"
EndProject
Project("{FAE04EC0-301F-11D3-BF4B-00C04F79EFBC}") = "client", "client\client.csproj", "{97929F7F-9D72-4FF5-87D1-E796349EA351}"
EndProject
Global
	GlobalSection(SolutionConfigurationPlatforms) = preSolution
		Debug|Any CPU = Debug|Any CPU
		Release|Any CPU = Release|Any CPU
	EndGlobalSection
	GlobalSection(ProjectConfigurationPlatforms) = postSolution
		{F2B8797D-815E-473F-BDCE-7AFA3A6DF040}.Debug|Any CPU.ActiveCfg = Debug|Any CPU
		{F2B8797D-815E-473F-BDCE-7AFA3A6DF040}.Debug|Any CPU.Build.0 = Debug|Any CPU
		{F2B8797D-815E-473F-BDCE-7AFA3A6DF040}.Release|Any CPU.ActiveCfg = Release|Any CPU
		{F2B8797D-815E-473F-BDCE-7AFA3A6DF040}.Release|Any CPU.Build.0 = Release|Any CPU
		{97929F7F-9D72-4FF5-87D1-E796349EA351}.Debug|Any CPU.ActiveCfg = Debug|Any CPU
		{97929F7F-9D72-4FF5-87D1-E796349EA351}.Debug|Any CPU.Build.0 = Debug|Any CPU
		{97929F7F-9D72-4FF5-87D1-E796349EA351}.Release|Any CPU.ActiveCfg = Release|Any CPU
		{97929F7F-9D72-4FF5-87D1-E796349EA351}.Release|Any CPU.Build.0 = Release|Any CPU
	EndGlobalSection
	GlobalSection(SolutionProperties) = preSolution
		HideSolutionNode = FALSE
	EndGlobalSection
	GlobalSection(ExtensibilityGlobals) = postSolution
		SolutionGuid = {D4734C00-36D8-4B62-AC00-7D634915C287}
	EndGlobalSection
EndGlobal
